
Microsoft Visual Studio Solution File, Format Version 12.00
# Visual Studio Version 17
VisualStudioVersion = 17.0.32126.317
MinimumVisualStudioVersion = 10.0.40219.1
Project("{FAE04EC0-301F-11D3-BF4B-00C04F79EFBC}") = "WebApi", "WebApi.csproj", "{DF5A7119-F8DB-438D-8345-ED9A6F5981CF}"
EndProject
Global
	GlobalSection(SolutionConfigurationPlatforms) = preSolution
		Debug|Any CPU = Debug|Any CPU
		Release|Any CPU = Release|Any CPU
	EndGlobalSection
	GlobalSection(ProjectConfigurationPlatforms) = postSolution
		{DF5A7119-F8DB-438D-8345-ED9A6F5981CF}.Debug|Any CPU.ActiveCfg = Debug|Any CPU
		{DF5A7119-F8DB-438D-8345-ED9A6F5981CF}.Debug|Any CPU.Build.0 = Debug|Any CPU
		{DF5A7119-F8DB-438D-8345-ED9A6F5981CF}.Release|Any CPU.ActiveCfg = Release|Any CPU
		{DF5A7119-F8DB-438D-8345-ED9A6F5981CF}.Release|Any CPU.Build.0 = Release|Any CPU
	EndGlobalSection
	GlobalSection(SolutionProperties) = preSolution
		HideSolutionNode = FALSE
	EndGlobalSection
	GlobalSection(ExtensibilityGlobals) = postSolution
		SolutionGuid = {A011A910-E373-49AA-BB49-E5B8B4C88172}
	EndGlobalSection
EndGlobal
